
Microsoft Visual Studio Solution File, Format Version 12.00
# Visual Studio Version 17
VisualStudioVersion = 17.5.2.0
MinimumVisualStudioVersion = 10.0.40219.1
Project("{2150E333-8FDC-42A3-9474-1A3956D46DE8}") = "src", "src", "{827E0CD3-B72D-47B6-A68D-7590B98EB39B}"
EndProject
Project("{FAE04EC0-301F-11D3-BF4B-00C04F79EFBC}") = "UmbracoProject", "src\UmbracoProject\UmbracoProject.csproj", "{8BAD6C3E-0719-36D2-ABF2-BAA534B56F18}"
EndProject
Project("{FAE04EC0-301F-11D3-BF4B-00C04F79EFBC}") = "HelloWorld", "src\HelloWorld\HelloWorld.csproj", "{3429F2D9-EB68-48EA-95F0-D9FB4B6A846B}"
EndProject
Project("{2150E333-8FDC-42A3-9474-1A3956D46DE8}") = "tests", "tests", "{E0F6823F-FB12-4741-9438-1C2386306254}"
EndProject
Project("{FAE04EC0-301F-11D3-BF4B-00C04F79EFBC}") = "UmbracoProject.Tests", "tests\UmbracoProject.Tests\UmbracoProject.Tests.csproj", "{B6D3CE3E-5EA0-4CB1-88EC-A2EF53B2BC31}"
EndProject
Project("{FAE04EC0-301F-11D3-BF4B-00C04F79EFBC}") = "UmbracoProject.Features", "src\UmbracoProject.Features\UmbracoProject.Features.csproj", "{4B151BC4-35B9-4D4A-AD65-F179E85371B7}"
EndProject
Global
	GlobalSection(SolutionConfigurationPlatforms) = preSolution
		Debug|Any CPU = Debug|Any CPU
		Debug|x64 = Debug|x64
		Debug|x86 = Debug|x86
		Release|Any CPU = Release|Any CPU
		Release|x64 = Release|x64
		Release|x86 = Release|x86
	EndGlobalSection
	GlobalSection(ProjectConfigurationPlatforms) = postSolution
		{8BAD6C3E-0719-36D2-ABF2-BAA534B56F18}.Debug|Any CPU.ActiveCfg = Debug|Any CPU
		{8BAD6C3E-0719-36D2-ABF2-BAA534B56F18}.Debug|Any CPU.Build.0 = Debug|Any CPU
		{8BAD6C3E-0719-36D2-ABF2-BAA534B56F18}.Debug|x64.ActiveCfg = Debug|Any CPU
		{8BAD6C3E-0719-36D2-ABF2-BAA534B56F18}.Debug|x64.Build.0 = Debug|Any CPU
		{8BAD6C3E-0719-36D2-ABF2-BAA534B56F18}.Debug|x86.ActiveCfg = Debug|Any CPU
		{8BAD6C3E-0719-36D2-ABF2-BAA534B56F18}.Debug|x86.Build.0 = Debug|Any CPU
		{8BAD6C3E-0719-36D2-ABF2-BAA534B56F18}.Release|Any CPU.ActiveCfg = Release|Any CPU
		{8BAD6C3E-0719-36D2-ABF2-BAA534B56F18}.Release|Any CPU.Build.0 = Release|Any CPU
		{8BAD6C3E-0719-36D2-ABF2-BAA534B56F18}.Release|x64.ActiveCfg = Release|Any CPU
		{8BAD6C3E-0719-36D2-ABF2-BAA534B56F18}.Release|x64.Build.0 = Release|Any CPU
		{8BAD6C3E-0719-36D2-ABF2-BAA534B56F18}.Release|x86.ActiveCfg = Release|Any CPU
		{8BAD6C3E-0719-36D2-ABF2-BAA534B56F18}.Release|x86.Build.0 = Release|Any CPU
		{3429F2D9-EB68-48EA-95F0-D9FB4B6A846B}.Debug|Any CPU.ActiveCfg = Debug|Any CPU
		{3429F2D9-EB68-48EA-95F0-D9FB4B6A846B}.Debug|Any CPU.Build.0 = Debug|Any CPU
		{3429F2D9-EB68-48EA-95F0-D9FB4B6A846B}.Debug|x64.ActiveCfg = Debug|Any CPU
		{3429F2D9-EB68-48EA-95F0-D9FB4B6A846B}.Debug|x64.Build.0 = Debug|Any CPU
		{3429F2D9-EB68-48EA-95F0-D9FB4B6A846B}.Debug|x86.ActiveCfg = Debug|Any CPU
		{3429F2D9-EB68-48EA-95F0-D9FB4B6A846B}.Debug|x86.Build.0 = Debug|Any CPU
		{3429F2D9-EB68-48EA-95F0-D9FB4B6A846B}.Release|Any CPU.ActiveCfg = Release|Any CPU
		{3429F2D9-EB68-48EA-95F0-D9FB4B6A846B}.Release|Any CPU.Build.0 = Release|Any CPU
		{3429F2D9-EB68-48EA-95F0-D9FB4B6A846B}.Release|x64.ActiveCfg = Release|Any CPU
		{3429F2D9-EB68-48EA-95F0-D9FB4B6A846B}.Release|x64.Build.0 = Release|Any CPU
		{3429F2D9-EB68-48EA-95F0-D9FB4B6A846B}.Release|x86.ActiveCfg = Release|Any CPU
		{3429F2D9-EB68-48EA-95F0-D9FB4B6A846B}.Release|x86.Build.0 = Release|Any CPU
		{B6D3CE3E-5EA0-4CB1-88EC-A2EF53B2BC31}.Debug|Any CPU.ActiveCfg = Debug|Any CPU
		{B6D3CE3E-5EA0-4CB1-88EC-A2EF53B2BC31}.Debug|Any CPU.Build.0 = Debug|Any CPU
		{B6D3CE3E-5EA0-4CB1-88EC-A2EF53B2BC31}.Debug|x64.ActiveCfg = Debug|Any CPU
		{B6D3CE3E-5EA0-4CB1-88EC-A2EF53B2BC31}.Debug|x64.Build.0 = Debug|Any CPU
		{B6D3CE3E-5EA0-4CB1-88EC-A2EF53B2BC31}.Debug|x86.ActiveCfg = Debug|Any CPU
		{B6D3CE3E-5EA0-4CB1-88EC-A2EF53B2BC31}.Debug|x86.Build.0 = Debug|Any CPU
		{B6D3CE3E-5EA0-4CB1-88EC-A2EF53B2BC31}.Release|Any CPU.ActiveCfg = Release|Any CPU
		{B6D3CE3E-5EA0-4CB1-88EC-A2EF53B2BC31}.Release|Any CPU.Build.0 = Release|Any CPU
		{B6D3CE3E-5EA0-4CB1-88EC-A2EF53B2BC31}.Release|x64.ActiveCfg = Release|Any CPU
		{B6D3CE3E-5EA0-4CB1-88EC-A2EF53B2BC31}.Release|x64.Build.0 = Release|Any CPU
		{B6D3CE3E-5EA0-4CB1-88EC-A2EF53B2BC31}.Release|x86.ActiveCfg = Release|Any CPU
		{B6D3CE3E-5EA0-4CB1-88EC-A2EF53B2BC31}.Release|x86.Build.0 = Release|Any CPU
		{4B151BC4-35B9-4D4A-AD65-F179E85371B7}.Debug|Any CPU.ActiveCfg = Debug|Any CPU
		{4B151BC4-35B9-4D4A-AD65-F179E85371B7}.Debug|Any CPU.Build.0 = Debug|Any CPU
		{4B151BC4-35B9-4D4A-AD65-F179E85371B7}.Debug|x64.ActiveCfg = Debug|Any CPU
		{4B151BC4-35B9-4D4A-AD65-F179E85371B7}.Debug|x64.Build.0 = Debug|Any CPU
		{4B151BC4-35B9-4D4A-AD65-F179E85371B7}.Debug|x86.ActiveCfg = Debug|Any CPU
		{4B151BC4-35B9-4D4A-AD65-F179E85371B7}.Debug|x86.Build.0 = Debug|Any CPU
		{4B151BC4-35B9-4D4A-AD65-F179E85371B7}.Release|Any CPU.ActiveCfg = Release|Any CPU
		{4B151BC4-35B9-4D4A-AD65-F179E85371B7}.Release|Any CPU.Build.0 = Release|Any CPU
		{4B151BC4-35B9-4D4A-AD65-F179E85371B7}.Release|x64.ActiveCfg = Release|Any CPU
		{4B151BC4-35B9-4D4A-AD65-F179E85371B7}.Release|x64.Build.0 = Release|Any CPU
		{4B151BC4-35B9-4D4A-AD65-F179E85371B7}.Release|x86.ActiveCfg = Release|Any CPU
		{4B151BC4-35B9-4D4A-AD65-F179E85371B7}.Release|x86.Build.0 = Release|Any CPU
	EndGlobalSection
	GlobalSection(SolutionProperties) = preSolution
		HideSolutionNode = FALSE
	EndGlobalSection
	GlobalSection(NestedProjects) = preSolution
		{8BAD6C3E-0719-36D2-ABF2-BAA534B56F18} = {827E0CD3-B72D-47B6-A68D-7590B98EB39B}
		{3429F2D9-EB68-48EA-95F0-D9FB4B6A846B} = {827E0CD3-B72D-47B6-A68D-7590B98EB39B}
		{B6D3CE3E-5EA0-4CB1-88EC-A2EF53B2BC31} = {E0F6823F-FB12-4741-9438-1C2386306254}
		{4B151BC4-35B9-4D4A-AD65-F179E85371B7} = {827E0CD3-B72D-47B6-A68D-7590B98EB39B}
	EndGlobalSection
	GlobalSection(ExtensibilityGlobals) = postSolution
		SolutionGuid = {981B8C1A-B1E5-4004-88F2-FD5A06152388}
	EndGlobalSection
EndGlobal
